
Microsoft Visual Studio Solution File, Format Version 12.00
# Visual Studio 14
VisualStudioVersion = 14.0.25420.1
MinimumVisualStudioVersion = 10.0.40219.1
Project("{FAE04EC0-301F-11D3-BF4B-00C04F79EFBC}") = "MarvelCatalog-App", "MarvelCatalog-App\MarvelCatalog-App.csproj", "{25DCE9B0-AE6E-4DA1-938F-1CBD0C299511}"
EndProject
Project("{FAE04EC0-301F-11D3-BF4B-00C04F79EFBC}") = "MarvelCatalog-App.Tests", "MarvelCatalog-App.Tests\MarvelCatalog-App.Tests.csproj", "{D5DCF442-466A-4ACF-B991-CEC48E32B17C}"
EndProject
Project("{2150E333-8FDC-42A3-9474-1A3956D46DE8}") = "Web", "Web", "{41494B18-2477-409E-BA91-3B31151CE2A5}"
EndProject
Project("{2150E333-8FDC-42A3-9474-1A3956D46DE8}") = "Services", "Services", "{5BC62D14-1787-4DFA-88A0-A18DADEACCC6}"
EndProject
Project("{2150E333-8FDC-42A3-9474-1A3956D46DE8}") = "Tests", "Tests", "{8CCAB7CA-5ADF-47CA-B332-1291A98E3635}"
EndProject
Project("{FAE04EC0-301F-11D3-BF4B-00C04F79EFBC}") = "Marvel-Catalog-App.Data.Models", "Marvel-Catalog-App.Data.API.Models\Marvel-Catalog-App.Data.Models.csproj", "{B8537839-CA0C-4E51-918C-2842DE6262CF}"
EndProject
Project("{FAE04EC0-301F-11D3-BF4B-00C04F79EFBC}") = "MarvelCatalog-App.Data", "MarvelCatalog-App.Data\MarvelCatalog-App.Data.csproj", "{56BA4901-A528-4EF3-9126-F5430F9EE2DE}"
EndProject
Project("{FAE04EC0-301F-11D3-BF4B-00C04F79EFBC}") = "MarvelCatalog-App.Services", "MarvelCatalog-App.Services\MarvelCatalog-App.Services.csproj", "{95F374EC-20C4-4CF2-B270-8EFA2465EC85}"
EndProject
Global
	GlobalSection(SolutionConfigurationPlatforms) = preSolution
		Debug|Any CPU = Debug|Any CPU
		Release|Any CPU = Release|Any CPU
	EndGlobalSection
	GlobalSection(ProjectConfigurationPlatforms) = postSolution
		{25DCE9B0-AE6E-4DA1-938F-1CBD0C299511}.Debug|Any CPU.ActiveCfg = Debug|Any CPU
		{25DCE9B0-AE6E-4DA1-938F-1CBD0C299511}.Debug|Any CPU.Build.0 = Debug|Any CPU
		{25DCE9B0-AE6E-4DA1-938F-1CBD0C299511}.Release|Any CPU.ActiveCfg = Release|Any CPU
		{25DCE9B0-AE6E-4DA1-938F-1CBD0C299511}.Release|Any CPU.Build.0 = Release|Any CPU
		{D5DCF442-466A-4ACF-B991-CEC48E32B17C}.Debug|Any CPU.ActiveCfg = Debug|Any CPU
		{D5DCF442-466A-4ACF-B991-CEC48E32B17C}.Debug|Any CPU.Build.0 = Debug|Any CPU
		{D5DCF442-466A-4ACF-B991-CEC48E32B17C}.Release|Any CPU.ActiveCfg = Release|Any CPU
		{D5DCF442-466A-4ACF-B991-CEC48E32B17C}.Release|Any CPU.Build.0 = Release|Any CPU
		{B8537839-CA0C-4E51-918C-2842DE6262CF}.Debug|Any CPU.ActiveCfg = Debug|Any CPU
		{B8537839-CA0C-4E51-918C-2842DE6262CF}.Debug|Any CPU.Build.0 = Debug|Any CPU
		{B8537839-CA0C-4E51-918C-2842DE6262CF}.Release|Any CPU.ActiveCfg = Release|Any CPU
		{B8537839-CA0C-4E51-918C-2842DE6262CF}.Release|Any CPU.Build.0 = Release|Any CPU
		{56BA4901-A528-4EF3-9126-F5430F9EE2DE}.Debug|Any CPU.ActiveCfg = Debug|Any CPU
		{56BA4901-A528-4EF3-9126-F5430F9EE2DE}.Debug|Any CPU.Build.0 = Debug|Any CPU
		{56BA4901-A528-4EF3-9126-F5430F9EE2DE}.Release|Any CPU.ActiveCfg = Release|Any CPU
		{56BA4901-A528-4EF3-9126-F5430F9EE2DE}.Release|Any CPU.Build.0 = Release|Any CPU
		{95F374EC-20C4-4CF2-B270-8EFA2465EC85}.Debug|Any CPU.ActiveCfg = Debug|Any CPU
		{95F374EC-20C4-4CF2-B270-8EFA2465EC85}.Debug|Any CPU.Build.0 = Debug|Any CPU
		{95F374EC-20C4-4CF2-B270-8EFA2465EC85}.Release|Any CPU.ActiveCfg = Release|Any CPU
		{95F374EC-20C4-4CF2-B270-8EFA2465EC85}.Release|Any CPU.Build.0 = Release|Any CPU
	EndGlobalSection
	GlobalSection(SolutionProperties) = preSolution
		HideSolutionNode = FALSE
	EndGlobalSection
	GlobalSection(NestedProjects) = preSolution
		{25DCE9B0-AE6E-4DA1-938F-1CBD0C299511} = {41494B18-2477-409E-BA91-3B31151CE2A5}
		{D5DCF442-466A-4ACF-B991-CEC48E32B17C} = {8CCAB7CA-5ADF-47CA-B332-1291A98E3635}
		{B8537839-CA0C-4E51-918C-2842DE6262CF} = {5BC62D14-1787-4DFA-88A0-A18DADEACCC6}
		{56BA4901-A528-4EF3-9126-F5430F9EE2DE} = {5BC62D14-1787-4DFA-88A0-A18DADEACCC6}
		{95F374EC-20C4-4CF2-B270-8EFA2465EC85} = {5BC62D14-1787-4DFA-88A0-A18DADEACCC6}
	EndGlobalSection
EndGlobal
